{
  "version": "3",
  "packages": {
    "specifiers": {
      "jsr:@sgohlke/deno-web@^8.2.3": "jsr:@sgohlke/deno-web@8.2.3"
    },
    "jsr": {
      "@sgohlke/deno-web@8.2.3": {
        "integrity": "9a506a0b12719c5095485a1bfd108d292ab9edd5f2381a254a98298f27297cbb"
      }
    }
  },
  "remote": {
    "https://deno.land/std@0.217.0/assert/_constants.ts": "a271e8ef5a573f1df8e822a6eb9d09df064ad66a4390f21b3e31f820a38e0975",
    "https://deno.land/std@0.217.0/assert/_diff.ts": "dcc63d94ca289aec80644030cf88ccbf7acaa6fbd7b0f22add93616b36593840",
    "https://deno.land/std@0.217.0/assert/_format.ts": "0ba808961bf678437fb486b56405b6fefad2cf87b5809667c781ddee8c32aff4",
    "https://deno.land/std@0.217.0/assert/assert.ts": "bec068b2fccdd434c138a555b19a2c2393b71dfaada02b7d568a01541e67cdc5",
    "https://deno.land/std@0.217.0/assert/assert_array_includes.ts": "1688d76317fd45b7e93ef9e2765f112fdf2b7c9821016cdfb380b9445374aed1",
    "https://deno.land/std@0.217.0/assert/assert_equals.ts": "4497c56fe7d2993b0d447926702802fc0becb44e319079e8eca39b482ee01b4e",
    "https://deno.land/std@0.217.0/assert/assert_string_includes.ts": "dfb072a890167146f8e5bdd6fde887ce4657098e9f71f12716ef37f35fb6f4a7",
    "https://deno.land/std@0.217.0/assert/assertion_error.ts": "9f689a101ee586c4ce92f52fa7ddd362e86434ffdf1f848e45987dc7689976b8",
    "https://deno.land/std@0.217.0/assert/equal.ts": "fae5e8a52a11d3ac694bbe1a53e13a7969e3f60791262312e91a3e741ae519e2",
    "https://deno.land/std@0.217.0/assert/fail.ts": "f310e51992bac8e54f5fd8e44d098638434b2edb802383690e0d7a9be1979f1c",
    "https://deno.land/std@0.217.0/fmt/colors.ts": "d239d84620b921ea520125d778947881f62c50e78deef2657073840b8af9559a",
    "https://raw.githubusercontent.com/sgohlke/deno-deps/main/deps.ts": "839bca583e8f789f2057bc898a4a601146fe4e5c285c646a98035efeb50f288f",
    "https://raw.githubusercontent.com/sgohlke/rpg-ts-base/v0.4.0/src/error/GeneralError.ts": "1bee59bc1a53da68822eb9fc51861f1e68f0269724ab3f93fc52ddb51ee4fdee",
    "https://raw.githubusercontent.com/sgohlke/rpg-ts-base/v0.4.0/src/index.ts": "f22c4ccc88f16d2dc9664e40ab66df0f2cbc0422107b811adacd9c29b1cf170b",
    "https://raw.githubusercontent.com/sgohlke/rpg-ts-base/v0.4.0/src/player/Player.ts": "530a542c165e37db88c422411aca122a9f4a9ec77b9cd70a32e0ad2d93e15bbe",
    "https://raw.githubusercontent.com/sgohlke/rpg-ts-base/v0.4.0/src/player/PlayerAccount.ts": "5244a69f76e81b559815e348fdf0c79cce8fe1a3090863471ef42187b933b73c",
    "https://raw.githubusercontent.com/sgohlke/rpg-ts-base/v0.4.0/src/player/PlayerData.ts": "8e2ae2df64ea00febeac429d053aae0a48906a367e660bb745dd2306e14088dd",
    "https://raw.githubusercontent.com/sgohlke/rpg-ts-base/v0.4.0/src/player/PlayerDataStore.ts": "b75db2f9e0e1e4246a17d5929560b4d42622e684d82a6feb9cfaab4fa83a42f7",
    "https://raw.githubusercontent.com/sgohlke/rpg-ts-base/v0.4.0/src/unit/Status.ts": "335322ae2784decc45f7d6fb2a0d0430e171e03680fd938fe22c1e4601b4ad36",
    "https://raw.githubusercontent.com/sgohlke/rpg-ts-base/v0.4.0/src/unit/Unit.ts": "39732430b6bf01e3cf22a15f061cd63c26f3e984509f16b11977f365449e99d4"
  }
}
